
Microsoft Visual Studio Solution File, Format Version 12.00
# Visual Studio Version 17
VisualStudioVersion = 17.4.33103.184
MinimumVisualStudioVersion = 10.0.40219.1
Project("{9A19103F-16F7-4668-BE54-9A1E7A4F7556}") = "MaisServicosWeb", "MaisServicosWeb\MaisServicosWeb.csproj", "{733C5C9B-8F90-4E07-BD68-A7F7C5643ED3}"
EndProject
Project("{9A19103F-16F7-4668-BE54-9A1E7A4F7556}") = "Core", "Core\Core.csproj", "{509FC82C-44F2-4294-933F-AEC7219D2869}"
EndProject
Project("{9A19103F-16F7-4668-BE54-9A1E7A4F7556}") = "Service", "Service\Service.csproj", "{32624B6A-A27C-4697-BDC1-57DC4431ED5A}"
EndProject
Project("{FAE04EC0-301F-11D3-BF4B-00C04F79EFBC}") = "MaisServicoWebTests", "MaisServicoWebTests\MaisServicoWebTests.csproj", "{966D5F01-832F-4785-8A0B-342DFF97C6AA}"
EndProject
Project("{FAE04EC0-301F-11D3-BF4B-00C04F79EFBC}") = "ServiceTests", "ServiceTests\ServiceTests.csproj", "{F423D0B0-BA5A-4699-A88A-93844FB20905}"
EndProject
Global
	GlobalSection(SolutionConfigurationPlatforms) = preSolution
		Debug|Any CPU = Debug|Any CPU
		Release|Any CPU = Release|Any CPU
	EndGlobalSection
	GlobalSection(ProjectConfigurationPlatforms) = postSolution
		{733C5C9B-8F90-4E07-BD68-A7F7C5643ED3}.Debug|Any CPU.ActiveCfg = Debug|Any CPU
		{733C5C9B-8F90-4E07-BD68-A7F7C5643ED3}.Debug|Any CPU.Build.0 = Debug|Any CPU
		{733C5C9B-8F90-4E07-BD68-A7F7C5643ED3}.Release|Any CPU.ActiveCfg = Release|Any CPU
		{733C5C9B-8F90-4E07-BD68-A7F7C5643ED3}.Release|Any CPU.Build.0 = Release|Any CPU
		{509FC82C-44F2-4294-933F-AEC7219D2869}.Debug|Any CPU.ActiveCfg = Debug|Any CPU
		{509FC82C-44F2-4294-933F-AEC7219D2869}.Debug|Any CPU.Build.0 = Debug|Any CPU
		{509FC82C-44F2-4294-933F-AEC7219D2869}.Release|Any CPU.ActiveCfg = Release|Any CPU
		{509FC82C-44F2-4294-933F-AEC7219D2869}.Release|Any CPU.Build.0 = Release|Any CPU
		{32624B6A-A27C-4697-BDC1-57DC4431ED5A}.Debug|Any CPU.ActiveCfg = Debug|Any CPU
		{32624B6A-A27C-4697-BDC1-57DC4431ED5A}.Debug|Any CPU.Build.0 = Debug|Any CPU
		{32624B6A-A27C-4697-BDC1-57DC4431ED5A}.Release|Any CPU.ActiveCfg = Release|Any CPU
		{32624B6A-A27C-4697-BDC1-57DC4431ED5A}.Release|Any CPU.Build.0 = Release|Any CPU
		{966D5F01-832F-4785-8A0B-342DFF97C6AA}.Debug|Any CPU.ActiveCfg = Debug|Any CPU
		{966D5F01-832F-4785-8A0B-342DFF97C6AA}.Debug|Any CPU.Build.0 = Debug|Any CPU
		{966D5F01-832F-4785-8A0B-342DFF97C6AA}.Release|Any CPU.ActiveCfg = Release|Any CPU
		{966D5F01-832F-4785-8A0B-342DFF97C6AA}.Release|Any CPU.Build.0 = Release|Any CPU
		{F423D0B0-BA5A-4699-A88A-93844FB20905}.Debug|Any CPU.ActiveCfg = Debug|Any CPU
		{F423D0B0-BA5A-4699-A88A-93844FB20905}.Debug|Any CPU.Build.0 = Debug|Any CPU
		{F423D0B0-BA5A-4699-A88A-93844FB20905}.Release|Any CPU.ActiveCfg = Release|Any CPU
		{F423D0B0-BA5A-4699-A88A-93844FB20905}.Release|Any CPU.Build.0 = Release|Any CPU
	EndGlobalSection
	GlobalSection(SolutionProperties) = preSolution
		HideSolutionNode = FALSE
	EndGlobalSection
	GlobalSection(ExtensibilityGlobals) = postSolution
		SolutionGuid = {5536D0CC-749E-4A1C-99FF-A4AB79550E7F}
	EndGlobalSection
EndGlobal
